
Microsoft Visual Studio Solution File, Format Version 12.00
# Visual Studio Version 16
VisualStudioVersion = 16.0.30114.105
MinimumVisualStudioVersion = 10.0.40219.1
Project("{9A19103F-16F7-4668-BE54-9A1E7A4F7556}") = "ORMDesafio21Dias", "ORMDesafio21Dias.csproj", "{CBE0403F-10DB-4901-B422-047BE09B7020}"
EndProject
Project("{FAE04EC0-301F-11D3-BF4B-00C04F79EFBC}") = "UsoORMDesafio21Dias", "..\UsoORMDesafio21Dias\UsoORMDesafio21Dias.csproj", "{67BC5C05-9C1D-4B1F-B2F9-823BFB079FE8}"
EndProject
Global
	GlobalSection(SolutionConfigurationPlatforms) = preSolution
		Debug|Any CPU = Debug|Any CPU
		Release|Any CPU = Release|Any CPU
	EndGlobalSection
	GlobalSection(ProjectConfigurationPlatforms) = postSolution
		{CBE0403F-10DB-4901-B422-047BE09B7020}.Debug|Any CPU.ActiveCfg = Debug|Any CPU
		{CBE0403F-10DB-4901-B422-047BE09B7020}.Debug|Any CPU.Build.0 = Debug|Any CPU
		{CBE0403F-10DB-4901-B422-047BE09B7020}.Release|Any CPU.ActiveCfg = Release|Any CPU
		{CBE0403F-10DB-4901-B422-047BE09B7020}.Release|Any CPU.Build.0 = Release|Any CPU
		{67BC5C05-9C1D-4B1F-B2F9-823BFB079FE8}.Debug|Any CPU.ActiveCfg = Debug|Any CPU
		{67BC5C05-9C1D-4B1F-B2F9-823BFB079FE8}.Debug|Any CPU.Build.0 = Debug|Any CPU
		{67BC5C05-9C1D-4B1F-B2F9-823BFB079FE8}.Release|Any CPU.ActiveCfg = Release|Any CPU
		{67BC5C05-9C1D-4B1F-B2F9-823BFB079FE8}.Release|Any CPU.Build.0 = Release|Any CPU
	EndGlobalSection
	GlobalSection(SolutionProperties) = preSolution
		HideSolutionNode = FALSE
	EndGlobalSection
	GlobalSection(ExtensibilityGlobals) = postSolution
		SolutionGuid = {889E2D52-80C7-4161-BB1B-1BBE8052F3CF}
	EndGlobalSection
EndGlobal
